// !$*UTF8*$!
{
	archiveVersion = 1;
	classes = {
	};
	objectVersion = 50;
	objects = {

/* Begin PBXBuildFile section */
		1D17B18524BA69AF00573820 /* WatchSounds WatchKit App.app in Embed Watch Content */ = {isa = PBXBuildFile; fileRef = 1D17B18424BA69AF00573820 /* WatchSounds WatchKit App.app */; settings = {ATTRIBUTES = (RemoveHeadersOnCopy, ); }; };
		1D17B18B24BA69AF00573820 /* Interface.storyboard in Resources */ = {isa = PBXBuildFile; fileRef = 1D17B18924BA69AF00573820 /* Interface.storyboard */; };
		1D17B18D24BA69B800573820 /* Assets.xcassets in Resources */ = {isa = PBXBuildFile; fileRef = 1D17B18C24BA69B800573820 /* Assets.xcassets */; };
		1D17B19424BA69B800573820 /* WatchSounds WatchKit Extension.appex in Embed App Extensions */ = {isa = PBXBuildFile; fileRef = 1D17B19324BA69B800573820 /* WatchSounds WatchKit Extension.appex */; settings = {ATTRIBUTES = (RemoveHeadersOnCopy, ); }; };
		1D17B19924BA69B800573820 /* InterfaceController.swift in Sources */ = {isa = PBXBuildFile; fileRef = 1D17B19824BA69B800573820 /* InterfaceController.swift */; };
		1D17B19B24BA69B800573820 /* ExtensionDelegate.swift in Sources */ = {isa = PBXBuildFile; fileRef = 1D17B19A24BA69B800573820 /* ExtensionDelegate.swift */; };
		1D17B19D24BA69B800573820 /* NotificationController.swift in Sources */ = {isa = PBXBuildFile; fileRef = 1D17B19C24BA69B800573820 /* NotificationController.swift */; };
		1D17B19F24BA69BC00573820 /* Assets.xcassets in Resources */ = {isa = PBXBuildFile; fileRef = 1D17B19E24BA69BC00573820 /* Assets.xcassets */; };
/* End PBXBuildFile section */

/* Begin PBXContainerItemProxy section */
		1D17B18624BA69AF00573820 /* PBXContainerItemProxy */ = {
			isa = PBXContainerItemProxy;
			containerPortal = 1D17B17A24BA69AF00573820 /* Project object */;
			proxyType = 1;
			remoteGlobalIDString = 1D17B18324BA69AF00573820;
			remoteInfo = "WatchSounds WatchKit App";
		};
		1D17B19524BA69B800573820 /* PBXContainerItemProxy */ = {
			isa = PBXContainerItemProxy;
			containerPortal = 1D17B17A24BA69AF00573820 /* Project object */;
			proxyType = 1;
			remoteGlobalIDString = 1D17B19224BA69B800573820;
			remoteInfo = "WatchSounds WatchKit Extension";
		};
/* End PBXContainerItemProxy section */

/* Begin PBXCopyFilesBuildPhase section */
		1D17B1A724BA69BC00573820 /* Embed App Extensions */ = {
			isa = PBXCopyFilesBuildPhase;
			buildActionMask = 2147483647;
			dstPath = "";
			dstSubfolderSpec = 13;
			files = (
				1D17B19424BA69B800573820 /* WatchSounds WatchKit Extension.appex in Embed App Extensions */,
			);
			name = "Embed App Extensions";
			runOnlyForDeploymentPostprocessing = 0;
		};
		1D17B1AB24BA69BC00573820 /* Embed Watch Content */ = {
			isa = PBXCopyFilesBuildPhase;
			buildActionMask = 2147483647;
			dstPath = "$(CONTENTS_FOLDER_PATH)/Watch";
			dstSubfolderSpec = 16;
			files = (
				1D17B18524BA69AF00573820 /* WatchSounds WatchKit App.app in Embed Watch Content */,
			);
			name = "Embed Watch Content";
			runOnlyForDeploymentPostprocessing = 0;
		};
/* End PBXCopyFilesBuildPhase section */

/* Begin PBXFileReference section */
		1D17B18024BA69AF00573820 /* WatchSounds.app */ = {isa = PBXFileReference; explicitFileType = wrapper.application; includeInIndex = 0; path = WatchSounds.app; sourceTree = BUILT_PRODUCTS_DIR; };
		1D17B18424BA69AF00573820 /* WatchSounds WatchKit App.app */ = {isa = PBXFileReference; explicitFileType = wrapper.application; includeInIndex = 0; path = "WatchSounds WatchKit App.app"; sourceTree = BUILT_PRODUCTS_DIR; };
		1D17B18A24BA69AF00573820 /* Base */ = {isa = PBXFileReference; lastKnownFileType = file.storyboard; name = Base; path = Base.lproj/Interface.storyboard; sourceTree = "<group>"; };
		1D17B18C24BA69B800573820 /* Assets.xcassets */ = {isa = PBXFileReference; lastKnownFileType = folder.assetcatalog; path = Assets.xcassets; sourceTree = "<group>"; };
		1D17B18E24BA69B800573820 /* Info.plist */ = {isa = PBXFileReference; lastKnownFileType = text.plist.xml; path = Info.plist; sourceTree = "<group>"; };
		1D17B19324BA69B800573820 /* WatchSounds WatchKit Extension.appex */ = {isa = PBXFileReference; explicitFileType = "wrapper.app-extension"; includeInIndex = 0; path = "WatchSounds WatchKit Extension.appex"; sourceTree = BUILT_PRODUCTS_DIR; };
		1D17B19824BA69B800573820 /* InterfaceController.swift */ = {isa = PBXFileReference; lastKnownFileType = sourcecode.swift; path = InterfaceController.swift; sourceTree = "<group>"; };
		1D17B19A24BA69B800573820 /* ExtensionDelegate.swift */ = {isa = PBXFileReference; lastKnownFileType = sourcecode.swift; path = ExtensionDelegate.swift; sourceTree = "<group>"; };
		1D17B19C24BA69B800573820 /* NotificationController.swift */ = {isa = PBXFileReference; lastKnownFileType = sourcecode.swift; path = NotificationController.swift; sourceTree = "<group>"; };
		1D17B19E24BA69BC00573820 /* Assets.xcassets */ = {isa = PBXFileReference; lastKnownFileType = folder.assetcatalog; path = Assets.xcassets; sourceTree = "<group>"; };
		1D17B1A024BA69BC00573820 /* Info.plist */ = {isa = PBXFileReference; lastKnownFileType = text.plist.xml; path = Info.plist; sourceTree = "<group>"; };
		1D17B1A124BA69BC00573820 /* PushNotificationPayload.apns */ = {isa = PBXFileReference; lastKnownFileType = text; path = PushNotificationPayload.apns; sourceTree = "<group>"; };
/* End PBXFileReference section */

/* Begin PBXFrameworksBuildPhase section */
		1D17B19024BA69B800573820 /* Frameworks */ = {
			isa = PBXFrameworksBuildPhase;
			buildActionMask = 2147483647;
			files = (
			);
			runOnlyForDeploymentPostprocessing = 0;
		};
/* End PBXFrameworksBuildPhase section */

/* Begin PBXGroup section */
		1D17B17924BA69AF00573820 = {
			isa = PBXGroup;
			children = (
				1D17B18824BA69AF00573820 /* WatchSounds WatchKit App */,
				1D17B19724BA69B800573820 /* WatchSounds WatchKit Extension */,
				1D17B18124BA69AF00573820 /* Products */,
			);
			sourceTree = "<group>";
		};
		1D17B18124BA69AF00573820 /* Products */ = {
			isa = PBXGroup;
			children = (
				1D17B18024BA69AF00573820 /* WatchSounds.app */,
				1D17B18424BA69AF00573820 /* WatchSounds WatchKit App.app */,
				1D17B19324BA69B800573820 /* WatchSounds WatchKit Extension.appex */,
			);
			name = Products;
			sourceTree = "<group>";
		};
		1D17B18824BA69AF00573820 /* WatchSounds WatchKit App */ = {
			isa = PBXGroup;
			children = (
				1D17B18924BA69AF00573820 /* Interface.storyboard */,
				1D17B18C24BA69B800573820 /* Assets.xcassets */,
				1D17B18E24BA69B800573820 /* Info.plist */,
			);
			path = "WatchSounds WatchKit App";
			sourceTree = "<group>";
		};
		1D17B19724BA69B800573820 /* WatchSounds WatchKit Extension */ = {
			isa = PBXGroup;
			children = (
				1D17B19824BA69B800573820 /* InterfaceController.swift */,
				1D17B19A24BA69B800573820 /* ExtensionDelegate.swift */,
				1D17B19C24BA69B800573820 /* NotificationController.swift */,
				1D17B19E24BA69BC00573820 /* Assets.xcassets */,
				1D17B1A024BA69BC00573820 /* Info.plist */,
				1D17B1A124BA69BC00573820 /* PushNotificationPayload.apns */,
			);
			path = "WatchSounds WatchKit Extension";
			sourceTree = "<group>";
		};
/* End PBXGroup section */

/* Begin PBXNativeTarget section */
		1D17B17F24BA69AF00573820 /* WatchSounds */ = {
			isa = PBXNativeTarget;
			buildConfigurationList = 1D17B1AC24BA69BC00573820 /* Build configuration list for PBXNativeTarget "WatchSounds" */;
			buildPhases = (
				1D17B17E24BA69AF00573820 /* Resources */,
				1D17B1AB24BA69BC00573820 /* Embed Watch Content */,
			);
			buildRules = (
			);
			dependencies = (
				1D17B18724BA69AF00573820 /* PBXTargetDependency */,
			);
			name = WatchSounds;
			productName = WatchSounds;
			productReference = 1D17B18024BA69AF00573820 /* WatchSounds.app */;
			productType = "com.apple.product-type.application.watchapp2-container";
		};
		1D17B18324BA69AF00573820 /* WatchSounds WatchKit App */ = {
			isa = PBXNativeTarget;
			buildConfigurationList = 1D17B1A824BA69BC00573820 /* Build configuration list for PBXNativeTarget "WatchSounds WatchKit App" */;
			buildPhases = (
				1D17B18224BA69AF00573820 /* Resources */,
				1D17B1A724BA69BC00573820 /* Embed App Extensions */,
			);
			buildRules = (
			);
			dependencies = (
				1D17B19624BA69B800573820 /* PBXTargetDependency */,
			);
			name = "WatchSounds WatchKit App";
			productName = "WatchSounds WatchKit App";
			productReference = 1D17B18424BA69AF00573820 /* WatchSounds WatchKit App.app */;
			productType = "com.apple.product-type.application.watchapp2";
		};
		1D17B19224BA69B800573820 /* WatchSounds WatchKit Extension */ = {
			isa = PBXNativeTarget;
			buildConfigurationList = 1D17B1A424BA69BC00573820 /* Build configuration list for PBXNativeTarget "WatchSounds WatchKit Extension" */;
			buildPhases = (
				1D17B18F24BA69B800573820 /* Sources */,
				1D17B19024BA69B800573820 /* Frameworks */,
				1D17B19124BA69B800573820 /* Resources */,
			);
			buildRules = (
			);
			dependencies = (
			);
			name = "WatchSounds WatchKit Extension";
			productName = "WatchSounds WatchKit Extension";
			productReference = 1D17B19324BA69B800573820 /* WatchSounds WatchKit Extension.appex */;
			productType = "com.apple.product-type.watchkit2-extension";
		};
/* End PBXNativeTarget section */

/* Begin PBXProject section */
		1D17B17A24BA69AF00573820 /* Project object */ = {
			isa = PBXProject;
			attributes = {
				LastSwiftUpdateCheck = 1140;
				LastUpgradeCheck = 1140;
				ORGANIZATIONNAME = Ohaya;
				TargetAttributes = {
					1D17B17F24BA69AF00573820 = {
						CreatedOnToolsVersion = 11.4.1;
					};
					1D17B18324BA69AF00573820 = {
						CreatedOnToolsVersion = 11.4.1;
					};
					1D17B19224BA69B800573820 = {
						CreatedOnToolsVersion = 11.4.1;
					};
				};
			};
			buildConfigurationList = 1D17B17D24BA69AF00573820 /* Build configuration list for PBXProject "WatchSounds" */;
			compatibilityVersion = "Xcode 9.3";
			developmentRegion = en;
			hasScannedForEncodings = 0;
			knownRegions = (
				en,
				Base,
			);
			mainGroup = 1D17B17924BA69AF00573820;
			productRefGroup = 1D17B18124BA69AF00573820 /* Products */;
			projectDirPath = "";
			projectRoot = "";
			targets = (
				1D17B17F24BA69AF00573820 /* WatchSounds */,
				1D17B18324BA69AF00573820 /* WatchSounds WatchKit App */,
				1D17B19224BA69B800573820 /* WatchSounds WatchKit Extension */,
			);
		};
/* End PBXProject section */

/* Begin PBXResourcesBuildPhase section */
		1D17B17E24BA69AF00573820 /* Resources */ = {
			isa = PBXResourcesBuildPhase;
			buildActionMask = 2147483647;
			files = (
			);
			runOnlyForDeploymentPostprocessing = 0;
		};
		1D17B18224BA69AF00573820 /* Resources */ = {
			isa = PBXResourcesBuildPhase;
			buildActionMask = 2147483647;
			files = (
				1D17B18D24BA69B800573820 /* Assets.xcassets in Resources */,
				1D17B18B24BA69AF00573820 /* Interface.storyboard in Resources */,
			);
			runOnlyForDeploymentPostprocessing = 0;
		};
		1D17B19124BA69B800573820 /* Resources */ = {
			isa = PBXResourcesBuildPhase;
			buildActionMask = 2147483647;
			files = (
				1D17B19F24BA69BC00573820 /* Assets.xcassets in Resources */,
			);
			runOnlyForDeploymentPostprocessing = 0;
		};
/* End PBXResourcesBuildPhase section */

/* Begin PBXSourcesBuildPhase section */
		1D17B18F24BA69B800573820 /* Sources */ = {
			isa = PBXSourcesBuildPhase;
			buildActionMask = 2147483647;
			files = (
				1D17B19D24BA69B800573820 /* NotificationController.swift in Sources */,
				1D17B19B24BA69B800573820 /* ExtensionDelegate.swift in Sources */,
				1D17B19924BA69B800573820 /* InterfaceController.swift in Sources */,
			);
			runOnlyForDeploymentPostprocessing = 0;
		};
/* End PBXSourcesBuildPhase section */

/* Begin PBXTargetDependency section */
		1D17B18724BA69AF00573820 /* PBXTargetDependency */ = {
			isa = PBXTargetDependency;
			target = 1D17B18324BA69AF00573820 /* WatchSounds WatchKit App */;
			targetProxy = 1D17B18624BA69AF00573820 /* PBXContainerItemProxy */;
		};
		1D17B19624BA69B800573820 /* PBXTargetDependency */ = {
			isa = PBXTargetDependency;
			target = 1D17B19224BA69B800573820 /* WatchSounds WatchKit Extension */;
			targetProxy = 1D17B19524BA69B800573820 /* PBXContainerItemProxy */;
		};
/* End PBXTargetDependency section */

/* Begin PBXVariantGroup section */
		1D17B18924BA69AF00573820 /* Interface.storyboard */ = {
			isa = PBXVariantGroup;
			children = (
				1D17B18A24BA69AF00573820 /* Base */,
			);
			name = Interface.storyboard;
			sourceTree = "<group>";
		};
/* End PBXVariantGroup section */

/* Begin XCBuildConfiguration section */
		1D17B1A224BA69BC00573820 /* Debug */ = {
			isa = XCBuildConfiguration;
			buildSettings = {
				ALWAYS_SEARCH_USER_PATHS = NO;
				CLANG_ANALYZER_NONNULL = YES;
				CLANG_ANALYZER_NUMBER_OBJECT_CONVERSION = YES_AGGRESSIVE;
				CLANG_CXX_LANGUAGE_STANDARD = "gnu++14";
				CLANG_CXX_LIBRARY = "libc++";
				CLANG_ENABLE_MODULES = YES;
				CLANG_ENABLE_OBJC_ARC = YES;
				CLANG_ENABLE_OBJC_WEAK = YES;
				CLANG_WARN_BLOCK_CAPTURE_AUTORELEASING = YES;
				CLANG_WARN_BOOL_CONVERSION = YES;
				CLANG_WARN_COMMA = YES;
				CLANG_WARN_CONSTANT_CONVERSION = YES;
				CLANG_WARN_DEPRECATED_OBJC_IMPLEMENTATIONS = YES;
				CLANG_WARN_DIRECT_OBJC_ISA_USAGE = YES_ERROR;
				CLANG_WARN_DOCUMENTATION_COMMENTS = YES;
				CLANG_WARN_EMPTY_BODY = YES;
				CLANG_WARN_ENUM_CONVERSION = YES;
				CLANG_WARN_INFINITE_RECURSION = YES;
				CLANG_WARN_INT_CONVERSION = YES;
				CLANG_WARN_NON_LITERAL_NULL_CONVERSION = YES;
				CLANG_WARN_OBJC_IMPLICIT_RETAIN_SELF = YES;
				CLANG_WARN_OBJC_LITERAL_CONVERSION = YES;
				CLANG_WARN_OBJC_ROOT_CLASS = YES_ERROR;
				CLANG_WARN_RANGE_LOOP_ANALYSIS = YES;
				CLANG_WARN_STRICT_PROTOTYPES = YES;
				CLANG_WARN_SUSPICIOUS_MOVE = YES;
				CLANG_WARN_UNGUARDED_AVAILABILITY = YES_AGGRESSIVE;
				CLANG_WARN_UNREACHABLE_CODE = YES;
				CLANG_WARN__DUPLICATE_METHOD_MATCH = YES;
				COPY_PHASE_STRIP = NO;
				DEBUG_INFORMATION_FORMAT = dwarf;
				ENABLE_STRICT_OBJC_MSGSEND = YES;
				ENABLE_TESTABILITY = YES;
				GCC_C_LANGUAGE_STANDARD = gnu11;
				GCC_DYNAMIC_NO_PIC = NO;
				GCC_NO_COMMON_BLOCKS = YES;
				GCC_OPTIMIZATION_LEVEL = 0;
				GCC_PREPROCESSOR_DEFINITIONS = (
					"DEBUG=1",
					"$(inherited)",
				);
				GCC_WARN_64_TO_32_BIT_CONVERSION = YES;
				GCC_WARN_ABOUT_RETURN_TYPE = YES_ERROR;
				GCC_WARN_UNDECLARED_SELECTOR = YES;
				GCC_WARN_UNINITIALIZED_AUTOS = YES_AGGRESSIVE;
				GCC_WARN_UNUSED_FUNCTION = YES;
				GCC_WARN_UNUSED_VARIABLE = YES;
				MTL_ENABLE_DEBUG_INFO = INCLUDE_SOURCE;
				MTL_FAST_MATH = YES;
				ONLY_ACTIVE_ARCH = YES;
				SDKROOT = iphoneos;
				SWIFT_ACTIVE_COMPILATION_CONDITIONS = DEBUG;
				SWIFT_OPTIMIZATION_LEVEL = "-Onone";
			};
			name = Debug;
		};
		1D17B1A324BA69BC00573820 /* Release */ = {
			isa = XCBuildConfiguration;
			buildSettings = {
				ALWAYS_SEARCH_USER_PATHS = NO;
				CLANG_ANALYZER_NONNULL = YES;
				CLANG_ANALYZER_NUMBER_OBJECT_CONVERSION = YES_AGGRESSIVE;
				CLANG_CXX_LANGUAGE_STANDARD = "gnu++14";
				CLANG_CXX_LIBRARY = "libc++";
				CLANG_ENABLE_MODULES = YES;
				CLANG_ENABLE_OBJC_ARC = YES;
				CLANG_ENABLE_OBJC_WEAK = YES;
				CLANG_WARN_BLOCK_CAPTURE_AUTORELEASING = YES;
				CLANG_WARN_BOOL_CONVERSION = YES;
				CLANG_WARN_COMMA = YES;
				CLANG_WARN_CONSTANT_CONVERSION = YES;
				CLANG_WARN_DEPRECATED_OBJC_IMPLEMENTATIONS = YES;
				CLANG_WARN_DIRECT_OBJC_ISA_USAGE = YES_ERROR;
				CLANG_WARN_DOCUMENTATION_COMMENTS = YES;
				CLANG_WARN_EMPTY_BODY = YES;
				CLANG_WARN_ENUM_CONVERSION = YES;
				CLANG_WARN_INFINITE_RECURSION = YES;
				CLANG_WARN_INT_CONVERSION = YES;
				CLANG_WARN_NON_LITERAL_NULL_CONVERSION = YES;
				CLANG_WARN_OBJC_IMPLICIT_RETAIN_SELF = YES;
				CLANG_WARN_OBJC_LITERAL_CONVERSION = YES;
				CLANG_WARN_OBJC_ROOT_CLASS = YES_ERROR;
				CLANG_WARN_RANGE_LOOP_ANALYSIS = YES;
				CLANG_WARN_STRICT_PROTOTYPES = YES;
				CLANG_WARN_SUSPICIOUS_MOVE = YES;
				CLANG_WARN_UNGUARDED_AVAILABILITY = YES_AGGRESSIVE;
				CLANG_WARN_UNREACHABLE_CODE = YES;
				CLANG_WARN__DUPLICATE_METHOD_MATCH = YES;
				COPY_PHASE_STRIP = NO;
				DEBUG_INFORMATION_FORMAT = "dwarf-with-dsym";
				ENABLE_NS_ASSERTIONS = NO;
				ENABLE_STRICT_OBJC_MSGSEND = YES;
				GCC_C_LANGUAGE_STANDARD = gnu11;
				GCC_NO_COMMON_BLOCKS = YES;
				GCC_WARN_64_TO_32_BIT_CONVERSION = YES;
				GCC_WARN_ABOUT_RETURN_TYPE = YES_ERROR;
				GCC_WARN_UNDECLARED_SELECTOR = YES;
				GCC_WARN_UNINITIALIZED_AUTOS = YES_AGGRESSIVE;
				GCC_WARN_UNUSED_FUNCTION = YES;
				GCC_WARN_UNUSED_VARIABLE = YES;
				MTL_ENABLE_DEBUG_INFO = NO;
				MTL_FAST_MATH = YES;
				SDKROOT = iphoneos;
				SWIFT_COMPILATION_MODE = wholemodule;
				SWIFT_OPTIMIZATION_LEVEL = "-O";
				VALIDATE_PRODUCT = YES;
			};
			name = Release;
		};
		1D17B1A524BA69BC00573820 /* Debug */ = {
			isa = XCBuildConfiguration;
			buildSettings = {
				ASSETCATALOG_COMPILER_COMPLICATION_NAME = Complication;
				CODE_SIGN_STYLE = Automatic;
				DEVELOPMENT_TEAM = 8QHSLQU2WK;
				INFOPLIST_FILE = "WatchSounds WatchKit Extension/Info.plist";
				LD_RUNPATH_SEARCH_PATHS = (
					"$(inherited)",
					"@executable_path/Frameworks",
					"@executable_path/../../Frameworks",
				);
				PRODUCT_BUNDLE_IDENTIFIER = com.company.lma.WatchSounds.watchkitapp.watchkitextension;
				PRODUCT_NAME = "${TARGET_NAME}";
				SDKROOT = watchos;
				SKIP_INSTALL = YES;
				SWIFT_VERSION = 5.0;
				TARGETED_DEVICE_FAMILY = 4;
				WATCHOS_DEPLOYMENT_TARGET = 6.2;
			};
			name = Debug;
		};
		1D17B1A624BA69BC00573820 /* Release */ = {
			isa = XCBuildConfiguration;
			buildSettings = {
				ASSETCATALOG_COMPILER_COMPLICATION_NAME = Complication;
				CODE_SIGN_STYLE = Automatic;
				DEVELOPMENT_TEAM = 8QHSLQU2WK;
				INFOPLIST_FILE = "WatchSounds WatchKit Extension/Info.plist";
				LD_RUNPATH_SEARCH_PATHS = (
					"$(inherited)",
					"@executable_path/Frameworks",
					"@executable_path/../../Frameworks",
				);
				PRODUCT_BUNDLE_IDENTIFIER = com.company.lma.WatchSounds.watchkitapp.watchkitextension;
				PRODUCT_NAME = "${TARGET_NAME}";
				SDKROOT = watchos;
				SKIP_INSTALL = YES;
				SWIFT_VERSION = 5.0;
				TARGETED_DEVICE_FAMILY = 4;
				WATCHOS_DEPLOYMENT_TARGET = 6.2;
			};
			name = Release;
		};
		1D17B1A924BA69BC00573820 /* Debug */ = {
			isa = XCBuildConfiguration;
			buildSettings = {
				ALWAYS_EMBED_SWIFT_STANDARD_LIBRARIES = YES;
				ASSETCATALOG_COMPILER_APPICON_NAME = AppIcon;
				CODE_SIGN_STYLE = Automatic;
				DEVELOPMENT_TEAM = 8QHSLQU2WK;
				IBSC_MODULE = WatchSounds_WatchKit_Extension;
				INFOPLIST_FILE = "WatchSounds WatchKit App/Info.plist";
				PRODUCT_BUNDLE_IDENTIFIER = com.company.lma.WatchSounds.watchkitapp;
				PRODUCT_NAME = "$(TARGET_NAME)";
				SDKROOT = watchos;
				SKIP_INSTALL = YES;
				SWIFT_VERSION = 5.0;
				TARGETED_DEVICE_FAMILY = 4;
				WATCHOS_DEPLOYMENT_TARGET = 6.2;
			};
			name = Debug;
		};
		1D17B1AA24BA69BC00573820 /* Release */ = {
			isa = XCBuildConfiguration;
			buildSettings = {
				ALWAYS_EMBED_SWIFT_STANDARD_LIBRARIES = YES;
				ASSETCATALOG_COMPILER_APPICON_NAME = AppIcon;
				CODE_SIGN_STYLE = Automatic;
				DEVELOPMENT_TEAM = 8QHSLQU2WK;
				IBSC_MODULE = WatchSounds_WatchKit_Extension;
				INFOPLIST_FILE = "WatchSounds WatchKit App/Info.plist";
				PRODUCT_BUNDLE_IDENTIFIER = com.company.lma.WatchSounds.watchkitapp;
				PRODUCT_NAME = "$(TARGET_NAME)";
				SDKROOT = watchos;
				SKIP_INSTALL = YES;
				SWIFT_VERSION = 5.0;
				TARGETED_DEVICE_FAMILY = 4;
				WATCHOS_DEPLOYMENT_TARGET = 6.2;
			};
			name = Release;
		};
		1D17B1AD24BA69BC00573820 /* Debug */ = {
			isa = XCBuildConfiguration;
			buildSettings = {
				CODE_SIGN_STYLE = Automatic;
				CURRENT_PROJECT_VERSION = 1;
				DEVELOPMENT_TEAM = 8QHSLQU2WK;
				MARKETING_VERSION = 1.0;
				PRODUCT_BUNDLE_IDENTIFIER = com.company.lma.WatchSounds;
				PRODUCT_NAME = "$(TARGET_NAME)";
				SWIFT_VERSION = 5.0;
			};
			name = Debug;
		};
		1D17B1AE24BA69BC00573820 /* Release */ = {
			isa = XCBuildConfiguration;
			buildSettings = {
				CODE_SIGN_STYLE = Automatic;
				CURRENT_PROJECT_VERSION = 1;
				DEVELOPMENT_TEAM = 8QHSLQU2WK;
				MARKETING_VERSION = 1.0;
				PRODUCT_BUNDLE_IDENTIFIER = com.company.lma.WatchSounds;
				PRODUCT_NAME = "$(TARGET_NAME)";
				SWIFT_VERSION = 5.0;
			};
			name = Release;
		};
/* End XCBuildConfiguration section */

/* Begin XCConfigurationList section */
		1D17B17D24BA69AF00573820 /* Build configuration list for PBXProject "WatchSounds" */ = {
			isa = XCConfigurationList;
			buildConfigurations = (
				1D17B1A224BA69BC00573820 /* Debug */,
				1D17B1A324BA69BC00573820 /* Release */,
			);
			defaultConfigurationIsVisible = 0;
			defaultConfigurationName = Release;
		};
		1D17B1A424BA69BC00573820 /* Build configuration list for PBXNativeTarget "WatchSounds WatchKit Extension" */ = {
			isa = XCConfigurationList;
			buildConfigurations = (
				1D17B1A524BA69BC00573820 /* Debug */,
				1D17B1A624BA69BC00573820 /* Release */,
			);
			defaultConfigurationIsVisible = 0;
			defaultConfigurationName = Release;
		};
		1D17B1A824BA69BC00573820 /* Build configuration list for PBXNativeTarget "WatchSounds WatchKit App" */ = {
			isa = XCConfigurationList;
			buildConfigurations = (
				1D17B1A924BA69BC00573820 /* Debug */,
				1D17B1AA24BA69BC00573820 /* Release */,
			);
			defaultConfigurationIsVisible = 0;
			defaultConfigurationName = Release;
		};
		1D17B1AC24BA69BC00573820 /* Build configuration list for PBXNativeTarget "WatchSounds" */ = {
			isa = XCConfigurationList;
			buildConfigurations = (
				1D17B1AD24BA69BC00573820 /* Debug */,
				1D17B1AE24BA69BC00573820 /* Release */,
			);
			defaultConfigurationIsVisible = 0;
			defaultConfigurationName = Release;
		};
/* End XCConfigurationList section */
	};
	rootObject = 1D17B17A24BA69AF00573820 /* Project object */;
}
